// !$*UTF8*$!
{
	archiveVersion = 1;
	classes = {
	};
	objectVersion = 46;
	objects = {

/* Begin PBXBuildFile section */
		1D34504C1E59C9F800846965 /* MyProbabilityView.swift in Sources */ = {isa = PBXBuildFile; fileRef = 1D34504B1E59C9F800846965 /* MyProbabilityView.swift */; };
		1D34504E1E59CB5600846965 /* EntryView.swift in Sources */ = {isa = PBXBuildFile; fileRef = 1D34504D1E59CB5600846965 /* EntryView.swift */; };
		1D4915021E566BD600137686 /* CardView.swift in Sources */ = {isa = PBXBuildFile; fileRef = 1D4915011E566BD600137686 /* CardView.swift */; };
		1D4E25CB1E4AE28600C5789C /* AppDelegate.swift in Sources */ = {isa = PBXBuildFile; fileRef = 1D4E25CA1E4AE28600C5789C /* AppDelegate.swift */; };
		1D4E25D21E4AE28600C5789C /* Assets.xcassets in Resources */ = {isa = PBXBuildFile; fileRef = 1D4E25D11E4AE28600C5789C /* Assets.xcassets */; };
		1D4E25D51E4AE28600C5789C /* LaunchScreen.storyboard in Resources */ = {isa = PBXBuildFile; fileRef = 1D4E25D31E4AE28600C5789C /* LaunchScreen.storyboard */; };
		1D4E25E01E4AE28600C5789C /* ElementWar_SwiftTests.swift in Sources */ = {isa = PBXBuildFile; fileRef = 1D4E25DF1E4AE28600C5789C /* ElementWar_SwiftTests.swift */; };
		1D4E25EB1E4AE28600C5789C /* ElementWar_SwiftUITests.swift in Sources */ = {isa = PBXBuildFile; fileRef = 1D4E25EA1E4AE28600C5789C /* ElementWar_SwiftUITests.swift */; };
		1D4E26221E4AE43700C5789C /* BattlePrepareController.swift in Sources */ = {isa = PBXBuildFile; fileRef = 1D4E25FE1E4AE43700C5789C /* BattlePrepareController.swift */; };
		1D4E26241E4AE43700C5789C /* RoomController.swift in Sources */ = {isa = PBXBuildFile; fileRef = 1D4E26001E4AE43700C5789C /* RoomController.swift */; };
		1D4E26261E4AE43700C5789C /* EnterController.swift in Sources */ = {isa = PBXBuildFile; fileRef = 1D4E26031E4AE43700C5789C /* EnterController.swift */; };
		1D4E26271E4AE43700C5789C /* MagicianDetailController.swift in Sources */ = {isa = PBXBuildFile; fileRef = 1D4E26051E4AE43700C5789C /* MagicianDetailController.swift */; };
		1D4E26281E4AE43700C5789C /* MagicianRandomController.swift in Sources */ = {isa = PBXBuildFile; fileRef = 1D4E26061E4AE43700C5789C /* MagicianRandomController.swift */; };
		1D4E26291E4AE43700C5789C /* MagicianRankController.swift in Sources */ = {isa = PBXBuildFile; fileRef = 1D4E26071E4AE43700C5789C /* MagicianRankController.swift */; };
		1D4E262A1E4AE43700C5789C /* MagiciansController.swift in Sources */ = {isa = PBXBuildFile; fileRef = 1D4E26081E4AE43700C5789C /* MagiciansController.swift */; };
		1D4E262C1E4AE43700C5789C /* AtomsController.swift in Sources */ = {isa = PBXBuildFile; fileRef = 1D4E260C1E4AE43700C5789C /* AtomsController.swift */; };
		1D4E262D1E4AE43700C5789C /* CardDetailController.swift in Sources */ = {isa = PBXBuildFile; fileRef = 1D4E260D1E4AE43700C5789C /* CardDetailController.swift */; };
		1D4E262E1E4AE43700C5789C /* MoleculesController.swift in Sources */ = {isa = PBXBuildFile; fileRef = 1D4E260E1E4AE43700C5789C /* MoleculesController.swift */; };
		1D4E262F1E4AE43700C5789C /* ScrollDetailController.swift in Sources */ = {isa = PBXBuildFile; fileRef = 1D4E260F1E4AE43700C5789C /* ScrollDetailController.swift */; };
		1D4E26301E4AE43700C5789C /* ScrollsController.swift in Sources */ = {isa = PBXBuildFile; fileRef = 1D4E26101E4AE43700C5789C /* ScrollsController.swift */; };
		1D4E26311E4AE43700C5789C /* AboutController.swift in Sources */ = {isa = PBXBuildFile; fileRef = 1D4E26121E4AE43700C5789C /* AboutController.swift */; };
		1D4E26321E4AE43700C5789C /* BattleSettingsController.swift in Sources */ = {isa = PBXBuildFile; fileRef = 1D4E26131E4AE43700C5789C /* BattleSettingsController.swift */; };
		1D4E26341E4AE43700C5789C /* RecordSettingsController.swift in Sources */ = {isa = PBXBuildFile; fileRef = 1D4E26151E4AE43700C5789C /* RecordSettingsController.swift */; };
		1D4E26351E4AE43700C5789C /* SettingsController.swift in Sources */ = {isa = PBXBuildFile; fileRef = 1D4E26161E4AE43700C5789C /* SettingsController.swift */; };
		1D4E26361E4AE43700C5789C /* VolumeSettingsController.swift in Sources */ = {isa = PBXBuildFile; fileRef = 1D4E26171E4AE43700C5789C /* VolumeSettingsController.swift */; };
		1D4E26371E4AE43700C5789C /* EpicsController.swift in Sources */ = {isa = PBXBuildFile; fileRef = 1D4E26191E4AE43700C5789C /* EpicsController.swift */; };
		1D4E26381E4AE43700C5789C /* HomeController.swift in Sources */ = {isa = PBXBuildFile; fileRef = 1D4E261A1E4AE43700C5789C /* HomeController.swift */; };
		1D4E26391E4AE43700C5789C /* MottoController.swift in Sources */ = {isa = PBXBuildFile; fileRef = 1D4E261B1E4AE43700C5789C /* MottoController.swift */; };
		1D4E263A1E4AE43700C5789C /* NameController.swift in Sources */ = {isa = PBXBuildFile; fileRef = 1D4E261C1E4AE43700C5789C /* NameController.swift */; };
		1D4E263B1E4AE43700C5789C /* PortraitController.swift in Sources */ = {isa = PBXBuildFile; fileRef = 1D4E261D1E4AE43700C5789C /* PortraitController.swift */; };
		1D9A51291E65D0D5003FA068 /* CardViewGroup.swift in Sources */ = {isa = PBXBuildFile; fileRef = 1D9A51281E65D0D5003FA068 /* CardViewGroup.swift */; };
		1D9A512B1E65D151003FA068 /* ReactantCardViewGroup.swift in Sources */ = {isa = PBXBuildFile; fileRef = 1D9A512A1E65D151003FA068 /* ReactantCardViewGroup.swift */; };
		1DD366951E556CBC0094E4A6 /* NavigationController.swift in Sources */ = {isa = PBXBuildFile; fileRef = 1DD366941E556CBC0094E4A6 /* NavigationController.swift */; };
		1DE8B93A1E5C842C00C6326B /* ReactantView.swift in Sources */ = {isa = PBXBuildFile; fileRef = 1DE8B9391E5C842C00C6326B /* ReactantView.swift */; };
		1DE8B93C1E5C844C00C6326B /* ResultantView.swift in Sources */ = {isa = PBXBuildFile; fileRef = 1DE8B93B1E5C844C00C6326B /* ResultantView.swift */; };
		1DE8B93E1E5C849200C6326B /* ConditionView.swift in Sources */ = {isa = PBXBuildFile; fileRef = 1DE8B93D1E5C849200C6326B /* ConditionView.swift */; };
		1DE8B9501E64782300C6326B /* AtomView.swift in Sources */ = {isa = PBXBuildFile; fileRef = 1DE8B94F1E64782300C6326B /* AtomView.swift */; };
		1DE8B9521E64783900C6326B /* MoleculeView.swift in Sources */ = {isa = PBXBuildFile; fileRef = 1DE8B9511E64783900C6326B /* MoleculeView.swift */; };
		1DE8B9541E647DC600C6326B /* ResultantCardView.swift in Sources */ = {isa = PBXBuildFile; fileRef = 1DE8B9531E647DC600C6326B /* ResultantCardView.swift */; };
		1DF0FA261E58739D008FCA55 /* CardHeapView.swift in Sources */ = {isa = PBXBuildFile; fileRef = 1DF0FA251E58739D008FCA55 /* CardHeapView.swift */; };
		1DF0FA281E5878E6008FCA55 /* AltarView.swift in Sources */ = {isa = PBXBuildFile; fileRef = 1DF0FA271E5878E6008FCA55 /* AltarView.swift */; };
		1DF0FA2A1E5879D6008FCA55 /* WorkbenchView.swift in Sources */ = {isa = PBXBuildFile; fileRef = 1DF0FA291E5879D6008FCA55 /* WorkbenchView.swift */; };
		1DF0FA2C1E5970D5008FCA55 /* MagicianCell.swift in Sources */ = {isa = PBXBuildFile; fileRef = 1DF0FA2B1E5970D5008FCA55 /* MagicianCell.swift */; };
		1DF0FA2E1E599DBA008FCA55 /* PortraitView.swift in Sources */ = {isa = PBXBuildFile; fileRef = 1DF0FA2D1E599DBA008FCA55 /* PortraitView.swift */; };
		1DF0FA301E59A519008FCA55 /* ProbabilityView.swift in Sources */ = {isa = PBXBuildFile; fileRef = 1DF0FA2F1E59A519008FCA55 /* ProbabilityView.swift */; };
		1DF0FA321E59BF3B008FCA55 /* FriendsController.swift in Sources */ = {isa = PBXBuildFile; fileRef = 1DF0FA311E59BF3B008FCA55 /* FriendsController.swift */; };
		1DF0FA341E59BF6D008FCA55 /* OpponentsController.swift in Sources */ = {isa = PBXBuildFile; fileRef = 1DF0FA331E59BF6D008FCA55 /* OpponentsController.swift */; };
		48B35458BCB7C281B084B9C4 /* Pods_ElementWar_Swift.framework in Frameworks */ = {isa = PBXBuildFile; fileRef = 7BC5A724107B14066D2FB028 /* Pods_ElementWar_Swift.framework */; };
		68198AB23E629166A21B52FB /* Pods_ElementWar_SwiftTests.framework in Frameworks */ = {isa = PBXBuildFile; fileRef = 4D27913F383F1EC4685967E5 /* Pods_ElementWar_SwiftTests.framework */; };
		C1DE5248D2E971C17779F9C5 /* Pods_ElementWar_SwiftUITests.framework in Frameworks */ = {isa = PBXBuildFile; fileRef = 1225DD846DA3E00A4D254F12 /* Pods_ElementWar_SwiftUITests.framework */; };
/* End PBXBuildFile section */

/* Begin PBXContainerItemProxy section */
		1D4E25DC1E4AE28600C5789C /* PBXContainerItemProxy */ = {
			isa = PBXContainerItemProxy;
			containerPortal = 1D4E25BF1E4AE28600C5789C /* Project object */;
			proxyType = 1;
			remoteGlobalIDString = 1D4E25C61E4AE28600C5789C;
			remoteInfo = ElementWar_Swift;
		};
		1D4E25E71E4AE28600C5789C /* PBXContainerItemProxy */ = {
			isa = PBXContainerItemProxy;
			containerPortal = 1D4E25BF1E4AE28600C5789C /* Project object */;
			proxyType = 1;
			remoteGlobalIDString = 1D4E25C61E4AE28600C5789C;
			remoteInfo = ElementWar_Swift;
		};
/* End PBXContainerItemProxy section */

/* Begin PBXFileReference section */
		06B622BCCE5E1602DAA19DA5 /* Pods-ElementWar_SwiftUITests.debug.xcconfig */ = {isa = PBXFileReference; includeInIndex = 1; lastKnownFileType = text.xcconfig; name = "Pods-ElementWar_SwiftUITests.debug.xcconfig"; path = "Pods/Target Support Files/Pods-ElementWar_SwiftUITests/Pods-ElementWar_SwiftUITests.debug.xcconfig"; sourceTree = "<group>"; };
		0EA321EE2D2B0F325B4939AF /* Pods-ElementWar_SwiftUITests.release.xcconfig */ = {isa = PBXFileReference; includeInIndex = 1; lastKnownFileType = text.xcconfig; name = "Pods-ElementWar_SwiftUITests.release.xcconfig"; path = "Pods/Target Support Files/Pods-ElementWar_SwiftUITests/Pods-ElementWar_SwiftUITests.release.xcconfig"; sourceTree = "<group>"; };
		1225DD846DA3E00A4D254F12 /* Pods_ElementWar_SwiftUITests.framework */ = {isa = PBXFileReference; explicitFileType = wrapper.framework; includeInIndex = 0; path = Pods_ElementWar_SwiftUITests.framework; sourceTree = BUILT_PRODUCTS_DIR; };
		1D0DA7131E51B8950096D8F7 /* ElementWar_Swift-Bridging-Header.h */ = {isa = PBXFileReference; lastKnownFileType = sourcecode.c.h; path = "ElementWar_Swift-Bridging-Header.h"; sourceTree = "<group>"; };
		1D34504B1E59C9F800846965 /* MyProbabilityView.swift */ = {isa = PBXFileReference; fileEncoding = 4; lastKnownFileType = sourcecode.swift; path = MyProbabilityView.swift; sourceTree = "<group>"; };
		1D34504D1E59CB5600846965 /* EntryView.swift */ = {isa = PBXFileReference; fileEncoding = 4; lastKnownFileType = sourcecode.swift; path = EntryView.swift; sourceTree = "<group>"; };
		1D4915011E566BD600137686 /* CardView.swift */ = {isa = PBXFileReference; fileEncoding = 4; lastKnownFileType = sourcecode.swift; path = CardView.swift; sourceTree = "<group>"; };
		1D4E25C71E4AE28600C5789C /* ElementWar_Swift.app */ = {isa = PBXFileReference; explicitFileType = wrapper.application; includeInIndex = 0; path = ElementWar_Swift.app; sourceTree = BUILT_PRODUCTS_DIR; };
		1D4E25CA1E4AE28600C5789C /* AppDelegate.swift */ = {isa = PBXFileReference; lastKnownFileType = sourcecode.swift; path = AppDelegate.swift; sourceTree = "<group>"; };
		1D4E25D11E4AE28600C5789C /* Assets.xcassets */ = {isa = PBXFileReference; lastKnownFileType = folder.assetcatalog; path = Assets.xcassets; sourceTree = "<group>"; };
		1D4E25D41E4AE28600C5789C /* Base */ = {isa = PBXFileReference; lastKnownFileType = file.storyboard; name = Base; path = Base.lproj/LaunchScreen.storyboard; sourceTree = "<group>"; };
		1D4E25D61E4AE28600C5789C /* Info.plist */ = {isa = PBXFileReference; lastKnownFileType = text.plist.xml; path = Info.plist; sourceTree = "<group>"; };
		1D4E25DB1E4AE28600C5789C /* ElementWar_SwiftTests.xctest */ = {isa = PBXFileReference; explicitFileType = wrapper.cfbundle; includeInIndex = 0; path = ElementWar_SwiftTests.xctest; sourceTree = BUILT_PRODUCTS_DIR; };
		1D4E25DF1E4AE28600C5789C /* ElementWar_SwiftTests.swift */ = {isa = PBXFileReference; lastKnownFileType = sourcecode.swift; path = ElementWar_SwiftTests.swift; sourceTree = "<group>"; };
		1D4E25E11E4AE28600C5789C /* Info.plist */ = {isa = PBXFileReference; lastKnownFileType = text.plist.xml; path = Info.plist; sourceTree = "<group>"; };
		1D4E25E61E4AE28600C5789C /* ElementWar_SwiftUITests.xctest */ = {isa = PBXFileReference; explicitFileType = wrapper.cfbundle; includeInIndex = 0; path = ElementWar_SwiftUITests.xctest; sourceTree = BUILT_PRODUCTS_DIR; };
		1D4E25EA1E4AE28600C5789C /* ElementWar_SwiftUITests.swift */ = {isa = PBXFileReference; lastKnownFileType = sourcecode.swift; path = ElementWar_SwiftUITests.swift; sourceTree = "<group>"; };
		1D4E25EC1E4AE28600C5789C /* Info.plist */ = {isa = PBXFileReference; lastKnownFileType = text.plist.xml; path = Info.plist; sourceTree = "<group>"; };
		1D4E25FE1E4AE43700C5789C /* BattlePrepareController.swift */ = {isa = PBXFileReference; fileEncoding = 4; lastKnownFileType = sourcecode.swift; path = BattlePrepareController.swift; sourceTree = "<group>"; };
		1D4E26001E4AE43700C5789C /* RoomController.swift */ = {isa = PBXFileReference; fileEncoding = 4; lastKnownFileType = sourcecode.swift; path = RoomController.swift; sourceTree = "<group>"; };
		1D4E26031E4AE43700C5789C /* EnterController.swift */ = {isa = PBXFileReference; fileEncoding = 4; lastKnownFileType = sourcecode.swift; path = EnterController.swift; sourceTree = "<group>"; };
		1D4E26051E4AE43700C5789C /* MagicianDetailController.swift */ = {isa = PBXFileReference; fileEncoding = 4; lastKnownFileType = sourcecode.swift; path = MagicianDetailController.swift; sourceTree = "<group>"; };
		1D4E26061E4AE43700C5789C /* MagicianRandomController.swift */ = {isa = PBXFileReference; fileEncoding = 4; lastKnownFileType = sourcecode.swift; path = MagicianRandomController.swift; sourceTree = "<group>"; };
		1D4E26071E4AE43700C5789C /* MagicianRankController.swift */ = {isa = PBXFileReference; fileEncoding = 4; lastKnownFileType = sourcecode.swift; path = MagicianRankController.swift; sourceTree = "<group>"; };
		1D4E26081E4AE43700C5789C /* MagiciansController.swift */ = {isa = PBXFileReference; fileEncoding = 4; lastKnownFileType = sourcecode.swift; path = MagiciansController.swift; sourceTree = "<group>"; };
		1D4E260C1E4AE43700C5789C /* AtomsController.swift */ = {isa = PBXFileReference; fileEncoding = 4; lastKnownFileType = sourcecode.swift; path = AtomsController.swift; sourceTree = "<group>"; };
		1D4E260D1E4AE43700C5789C /* CardDetailController.swift */ = {isa = PBXFileReference; fileEncoding = 4; lastKnownFileType = sourcecode.swift; path = CardDetailController.swift; sourceTree = "<group>"; };
		1D4E260E1E4AE43700C5789C /* MoleculesController.swift */ = {isa = PBXFileReference; fileEncoding = 4; lastKnownFileType = sourcecode.swift; path = MoleculesController.swift; sourceTree = "<group>"; };
		1D4E260F1E4AE43700C5789C /* ScrollDetailController.swift */ = {isa = PBXFileReference; fileEncoding = 4; lastKnownFileType = sourcecode.swift; path = ScrollDetailController.swift; sourceTree = "<group>"; };
		1D4E26101E4AE43700C5789C /* ScrollsController.swift */ = {isa = PBXFileReference; fileEncoding = 4; lastKnownFileType = sourcecode.swift; path = ScrollsController.swift; sourceTree = "<group>"; };
		1D4E26121E4AE43700C5789C /* AboutController.swift */ = {isa = PBXFileReference; fileEncoding = 4; lastKnownFileType = sourcecode.swift; path = AboutController.swift; sourceTree = "<group>"; };
		1D4E26131E4AE43700C5789C /* BattleSettingsController.swift */ = {isa = PBXFileReference; fileEncoding = 4; lastKnownFileType = sourcecode.swift; path = BattleSettingsController.swift; sourceTree = "<group>"; };
		1D4E26151E4AE43700C5789C /* RecordSettingsController.swift */ = {isa = PBXFileReference; fileEncoding = 4; lastKnownFileType = sourcecode.swift; path = RecordSettingsController.swift; sourceTree = "<group>"; };
		1D4E26161E4AE43700C5789C /* SettingsController.swift */ = {isa = PBXFileReference; fileEncoding = 4; lastKnownFileType = sourcecode.swift; path = SettingsController.swift; sourceTree = "<group>"; };
		1D4E26171E4AE43700C5789C /* VolumeSettingsController.swift */ = {isa = PBXFileReference; fileEncoding = 4; lastKnownFileType = sourcecode.swift; path = VolumeSettingsController.swift; sourceTree = "<group>"; };
		1D4E26191E4AE43700C5789C /* EpicsController.swift */ = {isa = PBXFileReference; fileEncoding = 4; lastKnownFileType = sourcecode.swift; path = EpicsController.swift; sourceTree = "<group>"; };
		1D4E261A1E4AE43700C5789C /* HomeController.swift */ = {isa = PBXFileReference; fileEncoding = 4; lastKnownFileType = sourcecode.swift; path = HomeController.swift; sourceTree = "<group>"; };
		1D4E261B1E4AE43700C5789C /* MottoController.swift */ = {isa = PBXFileReference; fileEncoding = 4; lastKnownFileType = sourcecode.swift; path = MottoController.swift; sourceTree = "<group>"; };
		1D4E261C1E4AE43700C5789C /* NameController.swift */ = {isa = PBXFileReference; fileEncoding = 4; lastKnownFileType = sourcecode.swift; path = NameController.swift; sourceTree = "<group>"; };
		1D4E261D1E4AE43700C5789C /* PortraitController.swift */ = {isa = PBXFileReference; fileEncoding = 4; lastKnownFileType = sourcecode.swift; path = PortraitController.swift; sourceTree = "<group>"; };
		1D9A51281E65D0D5003FA068 /* CardViewGroup.swift */ = {isa = PBXFileReference; fileEncoding = 4; lastKnownFileType = sourcecode.swift; path = CardViewGroup.swift; sourceTree = "<group>"; };
		1D9A512A1E65D151003FA068 /* ReactantCardViewGroup.swift */ = {isa = PBXFileReference; fileEncoding = 4; lastKnownFileType = sourcecode.swift; path = ReactantCardViewGroup.swift; sourceTree = "<group>"; };
		1DD366941E556CBC0094E4A6 /* NavigationController.swift */ = {isa = PBXFileReference; fileEncoding = 4; lastKnownFileType = sourcecode.swift; path = NavigationController.swift; sourceTree = "<group>"; };
		1DE8B9391E5C842C00C6326B /* ReactantView.swift */ = {isa = PBXFileReference; fileEncoding = 4; lastKnownFileType = sourcecode.swift; path = ReactantView.swift; sourceTree = "<group>"; };
		1DE8B93B1E5C844C00C6326B /* ResultantView.swift */ = {isa = PBXFileReference; fileEncoding = 4; lastKnownFileType = sourcecode.swift; path = ResultantView.swift; sourceTree = "<group>"; };
		1DE8B93D1E5C849200C6326B /* ConditionView.swift */ = {isa = PBXFileReference; fileEncoding = 4; lastKnownFileType = sourcecode.swift; path = ConditionView.swift; sourceTree = "<group>"; };
		1DE8B94F1E64782300C6326B /* AtomView.swift */ = {isa = PBXFileReference; fileEncoding = 4; lastKnownFileType = sourcecode.swift; path = AtomView.swift; sourceTree = "<group>"; };
		1DE8B9511E64783900C6326B /* MoleculeView.swift */ = {isa = PBXFileReference; fileEncoding = 4; lastKnownFileType = sourcecode.swift; path = MoleculeView.swift; sourceTree = "<group>"; };
		1DE8B9531E647DC600C6326B /* ResultantCardView.swift */ = {isa = PBXFileReference; fileEncoding = 4; lastKnownFileType = sourcecode.swift; path = ResultantCardView.swift; sourceTree = "<group>"; };
		1DF0FA251E58739D008FCA55 /* CardHeapView.swift */ = {isa = PBXFileReference; fileEncoding = 4; lastKnownFileType = sourcecode.swift; path = CardHeapView.swift; sourceTree = "<group>"; };
		1DF0FA271E5878E6008FCA55 /* AltarView.swift */ = {isa = PBXFileReference; fileEncoding = 4; lastKnownFileType = sourcecode.swift; path = AltarView.swift; sourceTree = "<group>"; };
		1DF0FA291E5879D6008FCA55 /* WorkbenchView.swift */ = {isa = PBXFileReference; fileEncoding = 4; lastKnownFileType = sourcecode.swift; path = WorkbenchView.swift; sourceTree = "<group>"; };
		1DF0FA2B1E5970D5008FCA55 /* MagicianCell.swift */ = {isa = PBXFileReference; fileEncoding = 4; lastKnownFileType = sourcecode.swift; path = MagicianCell.swift; sourceTree = "<group>"; };
		1DF0FA2D1E599DBA008FCA55 /* PortraitView.swift */ = {isa = PBXFileReference; fileEncoding = 4; lastKnownFileType = sourcecode.swift; path = PortraitView.swift; sourceTree = "<group>"; };
		1DF0FA2F1E59A519008FCA55 /* ProbabilityView.swift */ = {isa = PBXFileReference; fileEncoding = 4; lastKnownFileType = sourcecode.swift; path = ProbabilityView.swift; sourceTree = "<group>"; };
		1DF0FA311E59BF3B008FCA55 /* FriendsController.swift */ = {isa = PBXFileReference; fileEncoding = 4; lastKnownFileType = sourcecode.swift; path = FriendsController.swift; sourceTree = "<group>"; };
		1DF0FA331E59BF6D008FCA55 /* OpponentsController.swift */ = {isa = PBXFileReference; fileEncoding = 4; lastKnownFileType = sourcecode.swift; path = OpponentsController.swift; sourceTree = "<group>"; };
		2F45AF1D71525F367B9B449E /* Pods-ElementWar_SwiftTests.release.xcconfig */ = {isa = PBXFileReference; includeInIndex = 1; lastKnownFileType = text.xcconfig; name = "Pods-ElementWar_SwiftTests.release.xcconfig"; path = "Pods/Target Support Files/Pods-ElementWar_SwiftTests/Pods-ElementWar_SwiftTests.release.xcconfig"; sourceTree = "<group>"; };
		4BD2394FF4988E817E7F4FD1 /* Pods-ElementWar_Swift.debug.xcconfig */ = {isa = PBXFileReference; includeInIndex = 1; lastKnownFileType = text.xcconfig; name = "Pods-ElementWar_Swift.debug.xcconfig"; path = "Pods/Target Support Files/Pods-ElementWar_Swift/Pods-ElementWar_Swift.debug.xcconfig"; sourceTree = "<group>"; };
		4D27913F383F1EC4685967E5 /* Pods_ElementWar_SwiftTests.framework */ = {isa = PBXFileReference; explicitFileType = wrapper.framework; includeInIndex = 0; path = Pods_ElementWar_SwiftTests.framework; sourceTree = BUILT_PRODUCTS_DIR; };
		6E8BCCB006DE346855BDB367 /* Pods-ElementWar_Swift.release.xcconfig */ = {isa = PBXFileReference; includeInIndex = 1; lastKnownFileType = text.xcconfig; name = "Pods-ElementWar_Swift.release.xcconfig"; path = "Pods/Target Support Files/Pods-ElementWar_Swift/Pods-ElementWar_Swift.release.xcconfig"; sourceTree = "<group>"; };
		7BC5A724107B14066D2FB028 /* Pods_ElementWar_Swift.framework */ = {isa = PBXFileReference; explicitFileType = wrapper.framework; includeInIndex = 0; path = Pods_ElementWar_Swift.framework; sourceTree = BUILT_PRODUCTS_DIR; };
		88C6FB21996ABC262498B719 /* Pods-ElementWar_SwiftTests.debug.xcconfig */ = {isa = PBXFileReference; includeInIndex = 1; lastKnownFileType = text.xcconfig; name = "Pods-ElementWar_SwiftTests.debug.xcconfig"; path = "Pods/Target Support Files/Pods-ElementWar_SwiftTests/Pods-ElementWar_SwiftTests.debug.xcconfig"; sourceTree = "<group>"; };
/* End PBXFileReference section */

/* Begin PBXFrameworksBuildPhase section */
		1D4E25C41E4AE28600C5789C /* Frameworks */ = {
			isa = PBXFrameworksBuildPhase;
			buildActionMask = 2147483647;
			files = (
				48B35458BCB7C281B084B9C4 /* Pods_ElementWar_Swift.framework in Frameworks */,
			);
			runOnlyForDeploymentPostprocessing = 0;
		};
		1D4E25D81E4AE28600C5789C /* Frameworks */ = {
			isa = PBXFrameworksBuildPhase;
			buildActionMask = 2147483647;
			files = (
				68198AB23E629166A21B52FB /* Pods_ElementWar_SwiftTests.framework in Frameworks */,
			);
			runOnlyForDeploymentPostprocessing = 0;
		};
		1D4E25E31E4AE28600C5789C /* Frameworks */ = {
			isa = PBXFrameworksBuildPhase;
			buildActionMask = 2147483647;
			files = (
				C1DE5248D2E971C17779F9C5 /* Pods_ElementWar_SwiftUITests.framework in Frameworks */,
			);
			runOnlyForDeploymentPostprocessing = 0;
		};
/* End PBXFrameworksBuildPhase section */

/* Begin PBXGroup section */
		1D4E25BE1E4AE28600C5789C = {
			isa = PBXGroup;
			children = (
				1D4E25C91E4AE28600C5789C /* ElementWar_Swift */,
				1D4E25DE1E4AE28600C5789C /* ElementWar_SwiftTests */,
				1D4E25E91E4AE28600C5789C /* ElementWar_SwiftUITests */,
				1D4E25C81E4AE28600C5789C /* Products */,
				35A5C21895B6CED6A4539D4C /* Pods */,
				D59ADC46B89B0AC15F8011DB /* Frameworks */,
			);
			sourceTree = "<group>";
		};
		1D4E25C81E4AE28600C5789C /* Products */ = {
			isa = PBXGroup;
			children = (
				1D4E25C71E4AE28600C5789C /* ElementWar_Swift.app */,
				1D4E25DB1E4AE28600C5789C /* ElementWar_SwiftTests.xctest */,
				1D4E25E61E4AE28600C5789C /* ElementWar_SwiftUITests.xctest */,
			);
			name = Products;
			sourceTree = "<group>";
		};
		1D4E25C91E4AE28600C5789C /* ElementWar_Swift */ = {
			isa = PBXGroup;
			children = (
				1DD366941E556CBC0094E4A6 /* NavigationController.swift */,
				1D4E25FD1E4AE43700C5789C /* Battle */,
				1D4E26021E4AE43700C5789C /* Enter */,
				1D4E26041E4AE43700C5789C /* Magician */,
				1D4E260B1E4AE43700C5789C /* Reference */,
				1D4E26111E4AE43700C5789C /* Setting */,
				1D4E26181E4AE43700C5789C /* User */,
				1D4E25CA1E4AE28600C5789C /* AppDelegate.swift */,
				1D4E25D11E4AE28600C5789C /* Assets.xcassets */,
				1D4E25D31E4AE28600C5789C /* LaunchScreen.storyboard */,
				1D4E25D61E4AE28600C5789C /* Info.plist */,
				1D0DA7131E51B8950096D8F7 /* ElementWar_Swift-Bridging-Header.h */,
			);
			path = ElementWar_Swift;
			sourceTree = "<group>";
		};
		1D4E25DE1E4AE28600C5789C /* ElementWar_SwiftTests */ = {
			isa = PBXGroup;
			children = (
				1D4E25DF1E4AE28600C5789C /* ElementWar_SwiftTests.swift */,
				1D4E25E11E4AE28600C5789C /* Info.plist */,
			);
			path = ElementWar_SwiftTests;
			sourceTree = "<group>";
		};
		1D4E25E91E4AE28600C5789C /* ElementWar_SwiftUITests */ = {
			isa = PBXGroup;
			children = (
				1D4E25EA1E4AE28600C5789C /* ElementWar_SwiftUITests.swift */,
				1D4E25EC1E4AE28600C5789C /* Info.plist */,
			);
			path = ElementWar_SwiftUITests;
			sourceTree = "<group>";
		};
		1D4E25FD1E4AE43700C5789C /* Battle */ = {
			isa = PBXGroup;
			children = (
				1D4E25FE1E4AE43700C5789C /* BattlePrepareController.swift */,
				1D4E26001E4AE43700C5789C /* RoomController.swift */,
				1D4915011E566BD600137686 /* CardView.swift */,
				1DF0FA251E58739D008FCA55 /* CardHeapView.swift */,
				1DF0FA271E5878E6008FCA55 /* AltarView.swift */,
				1DF0FA291E5879D6008FCA55 /* WorkbenchView.swift */,
				1DE8B9391E5C842C00C6326B /* ReactantView.swift */,
				1DE8B93B1E5C844C00C6326B /* ResultantView.swift */,
				1DE8B93D1E5C849200C6326B /* ConditionView.swift */,
				1DE8B9531E647DC600C6326B /* ResultantCardView.swift */,
				1D9A51281E65D0D5003FA068 /* CardViewGroup.swift */,
				1D9A512A1E65D151003FA068 /* ReactantCardViewGroup.swift */,
			);
			path = Battle;
			sourceTree = "<group>";
		};
		1D4E26021E4AE43700C5789C /* Enter */ = {
			isa = PBXGroup;
			children = (
				1D4E26031E4AE43700C5789C /* EnterController.swift */,
			);
			path = Enter;
			sourceTree = "<group>";
		};
		1D4E26041E4AE43700C5789C /* Magician */ = {
			isa = PBXGroup;
			children = (
				1D4E26051E4AE43700C5789C /* MagicianDetailController.swift */,
				1D4E26061E4AE43700C5789C /* MagicianRandomController.swift */,
				1D4E26071E4AE43700C5789C /* MagicianRankController.swift */,
				1D4E26081E4AE43700C5789C /* MagiciansController.swift */,
				1DF0FA311E59BF3B008FCA55 /* FriendsController.swift */,
				1DF0FA331E59BF6D008FCA55 /* OpponentsController.swift */,
				1DF0FA2B1E5970D5008FCA55 /* MagicianCell.swift */,
				1DF0FA2F1E59A519008FCA55 /* ProbabilityView.swift */,
			);
			path = Magician;
			sourceTree = "<group>";
		};
		1D4E260B1E4AE43700C5789C /* Reference */ = {
			isa = PBXGroup;
			children = (
				1D4E260C1E4AE43700C5789C /* AtomsController.swift */,
				1DE8B94F1E64782300C6326B /* AtomView.swift */,
				1D4E260D1E4AE43700C5789C /* CardDetailController.swift */,
				1D4E260E1E4AE43700C5789C /* MoleculesController.swift */,
				1D4E260F1E4AE43700C5789C /* ScrollDetailController.swift */,
				1D4E26101E4AE43700C5789C /* ScrollsController.swift */,
				1DE8B9511E64783900C6326B /* MoleculeView.swift */,
			);
			path = Reference;
			sourceTree = "<group>";
		};
		1D4E26111E4AE43700C5789C /* Setting */ = {
			isa = PBXGroup;
			children = (
				1D4E26121E4AE43700C5789C /* AboutController.swift */,
				1D4E26131E4AE43700C5789C /* BattleSettingsController.swift */,
				1D4E26151E4AE43700C5789C /* RecordSettingsController.swift */,
				1D4E26161E4AE43700C5789C /* SettingsController.swift */,
				1D4E26171E4AE43700C5789C /* VolumeSettingsController.swift */,
			);
			path = Setting;
			sourceTree = "<group>";
		};
		1D4E26181E4AE43700C5789C /* User */ = {
			isa = PBXGroup;
			children = (
				1D4E26191E4AE43700C5789C /* EpicsController.swift */,
				1D4E261A1E4AE43700C5789C /* HomeController.swift */,
				1D4E261B1E4AE43700C5789C /* MottoController.swift */,
				1D4E261C1E4AE43700C5789C /* NameController.swift */,
				1D4E261D1E4AE43700C5789C /* PortraitController.swift */,
				1DF0FA2D1E599DBA008FCA55 /* PortraitView.swift */,
				1D34504B1E59C9F800846965 /* MyProbabilityView.swift */,
				1D34504D1E59CB5600846965 /* EntryView.swift */,
			);
			path = User;
			sourceTree = "<group>";
		};
		35A5C21895B6CED6A4539D4C /* Pods */ = {
			isa = PBXGroup;
			children = (
				4BD2394FF4988E817E7F4FD1 /* Pods-ElementWar_Swift.debug.xcconfig */,
				6E8BCCB006DE346855BDB367 /* Pods-ElementWar_Swift.release.xcconfig */,
				88C6FB21996ABC262498B719 /* Pods-ElementWar_SwiftTests.debug.xcconfig */,
				2F45AF1D71525F367B9B449E /* Pods-ElementWar_SwiftTests.release.xcconfig */,
				06B622BCCE5E1602DAA19DA5 /* Pods-ElementWar_SwiftUITests.debug.xcconfig */,
				0EA321EE2D2B0F325B4939AF /* Pods-ElementWar_SwiftUITests.release.xcconfig */,
			);
			name = Pods;
			sourceTree = "<group>";
		};
		D59ADC46B89B0AC15F8011DB /* Frameworks */ = {
			isa = PBXGroup;
			children = (
				7BC5A724107B14066D2FB028 /* Pods_ElementWar_Swift.framework */,
				4D27913F383F1EC4685967E5 /* Pods_ElementWar_SwiftTests.framework */,
				1225DD846DA3E00A4D254F12 /* Pods_ElementWar_SwiftUITests.framework */,
			);
			name = Frameworks;
			sourceTree = "<group>";
		};
/* End PBXGroup section */

/* Begin PBXNativeTarget section */
		1D4E25C61E4AE28600C5789C /* ElementWar_Swift */ = {
			isa = PBXNativeTarget;
			buildConfigurationList = 1D4E25EF1E4AE28600C5789C /* Build configuration list for PBXNativeTarget "ElementWar_Swift" */;
			buildPhases = (
				76BD702937B06BE4750F416B /* [CP] Check Pods Manifest.lock */,
				1D4E25C31E4AE28600C5789C /* Sources */,
				1D4E25C41E4AE28600C5789C /* Frameworks */,
				1D4E25C51E4AE28600C5789C /* Resources */,
				542D063C4B2E9A0B8FE00612 /* [CP] Embed Pods Frameworks */,
				3CCB19A553D978B405AF208C /* [CP] Copy Pods Resources */,
			);
			buildRules = (
			);
			dependencies = (
			);
			name = ElementWar_Swift;
			productName = ElementWar_Swift;
			productReference = 1D4E25C71E4AE28600C5789C /* ElementWar_Swift.app */;
			productType = "com.apple.product-type.application";
		};
		1D4E25DA1E4AE28600C5789C /* ElementWar_SwiftTests */ = {
			isa = PBXNativeTarget;
			buildConfigurationList = 1D4E25F21E4AE28600C5789C /* Build configuration list for PBXNativeTarget "ElementWar_SwiftTests" */;
			buildPhases = (
				998CA5AFBDABB5B57EE7CCF2 /* [CP] Check Pods Manifest.lock */,
				1D4E25D71E4AE28600C5789C /* Sources */,
				1D4E25D81E4AE28600C5789C /* Frameworks */,
				1D4E25D91E4AE28600C5789C /* Resources */,
				888712FAFAE48281C2454B47 /* [CP] Embed Pods Frameworks */,
				42C2A739E4F9386D7896D014 /* [CP] Copy Pods Resources */,
			);
			buildRules = (
			);
			dependencies = (
				1D4E25DD1E4AE28600C5789C /* PBXTargetDependency */,
			);
			name = ElementWar_SwiftTests;
			productName = ElementWar_SwiftTests;
			productReference = 1D4E25DB1E4AE28600C5789C /* ElementWar_SwiftTests.xctest */;
			productType = "com.apple.product-type.bundle.unit-test";
		};
		1D4E25E51E4AE28600C5789C /* ElementWar_SwiftUITests */ = {
			isa = PBXNativeTarget;
			buildConfigurationList = 1D4E25F51E4AE28600C5789C /* Build configuration list for PBXNativeTarget "ElementWar_SwiftUITests" */;
			buildPhases = (
				A8788B3AA798AE2310D44558 /* [CP] Check Pods Manifest.lock */,
				1D4E25E21E4AE28600C5789C /* Sources */,
				1D4E25E31E4AE28600C5789C /* Frameworks */,
				1D4E25E41E4AE28600C5789C /* Resources */,
				C50CC7D83961966FD296CA13 /* [CP] Embed Pods Frameworks */,
				360C6737453E034B1F788421 /* [CP] Copy Pods Resources */,
			);
			buildRules = (
			);
			dependencies = (
				1D4E25E81E4AE28600C5789C /* PBXTargetDependency */,
			);
			name = ElementWar_SwiftUITests;
			productName = ElementWar_SwiftUITests;
			productReference = 1D4E25E61E4AE28600C5789C /* ElementWar_SwiftUITests.xctest */;
			productType = "com.apple.product-type.bundle.ui-testing";
		};
/* End PBXNativeTarget section */

/* Begin PBXProject section */
		1D4E25BF1E4AE28600C5789C /* Project object */ = {
			isa = PBXProject;
			attributes = {
				LastSwiftUpdateCheck = 0820;
				LastUpgradeCheck = 0820;
				ORGANIZATIONNAME = ArtisanKid;
				TargetAttributes = {
					1D4E25C61E4AE28600C5789C = {
						CreatedOnToolsVersion = 8.2.1;
						DevelopmentTeam = HCU65H62VB;
						LastSwiftMigration = 0820;
						ProvisioningStyle = Automatic;
					};
					1D4E25DA1E4AE28600C5789C = {
						CreatedOnToolsVersion = 8.2.1;
						ProvisioningStyle = Automatic;
						TestTargetID = 1D4E25C61E4AE28600C5789C;
					};
					1D4E25E51E4AE28600C5789C = {
						CreatedOnToolsVersion = 8.2.1;
						ProvisioningStyle = Automatic;
						TestTargetID = 1D4E25C61E4AE28600C5789C;
					};
				};
			};
			buildConfigurationList = 1D4E25C21E4AE28600C5789C /* Build configuration list for PBXProject "ElementWar_Swift" */;
			compatibilityVersion = "Xcode 3.2";
			developmentRegion = English;
			hasScannedForEncodings = 0;
			knownRegions = (
				en,
				Base,
			);
			mainGroup = 1D4E25BE1E4AE28600C5789C;
			productRefGroup = 1D4E25C81E4AE28600C5789C /* Products */;
			projectDirPath = "";
			projectRoot = "";
			targets = (
				1D4E25C61E4AE28600C5789C /* ElementWar_Swift */,
				1D4E25DA1E4AE28600C5789C /* ElementWar_SwiftTests */,
				1D4E25E51E4AE28600C5789C /* ElementWar_SwiftUITests */,
			);
		};
/* End PBXProject section */

/* Begin PBXResourcesBuildPhase section */
		1D4E25C51E4AE28600C5789C /* Resources */ = {
			isa = PBXResourcesBuildPhase;
			buildActionMask = 2147483647;
			files = (
				1D4E25D51E4AE28600C5789C /* LaunchScreen.storyboard in Resources */,
				1D4E25D21E4AE28600C5789C /* Assets.xcassets in Resources */,
			);
			runOnlyForDeploymentPostprocessing = 0;
		};
		1D4E25D91E4AE28600C5789C /* Resources */ = {
			isa = PBXResourcesBuildPhase;
			buildActionMask = 2147483647;
			files = (
			);
			runOnlyForDeploymentPostprocessing = 0;
		};
		1D4E25E41E4AE28600C5789C /* Resources */ = {
			isa = PBXResourcesBuildPhase;
			buildActionMask = 2147483647;
			files = (
			);
			runOnlyForDeploymentPostprocessing = 0;
		};
/* End PBXResourcesBuildPhase section */

/* Begin PBXShellScriptBuildPhase section */
		360C6737453E034B1F788421 /* [CP] Copy Pods Resources */ = {
			isa = PBXShellScriptBuildPhase;
			buildActionMask = 2147483647;
			files = (
			);
			inputPaths = (
			);
			name = "[CP] Copy Pods Resources";
			outputPaths = (
			);
			runOnlyForDeploymentPostprocessing = 0;
			shellPath = /bin/sh;
			shellScript = "\"${SRCROOT}/Pods/Target Support Files/Pods-ElementWar_SwiftUITests/Pods-ElementWar_SwiftUITests-resources.sh\"\n";
			showEnvVarsInLog = 0;
		};
		3CCB19A553D978B405AF208C /* [CP] Copy Pods Resources */ = {
			isa = PBXShellScriptBuildPhase;
			buildActionMask = 2147483647;
			files = (
			);
			inputPaths = (
			);
			name = "[CP] Copy Pods Resources";
			outputPaths = (
			);
			runOnlyForDeploymentPostprocessing = 0;
			shellPath = /bin/sh;
			shellScript = "\"${SRCROOT}/Pods/Target Support Files/Pods-ElementWar_Swift/Pods-ElementWar_Swift-resources.sh\"\n";
			showEnvVarsInLog = 0;
		};
		42C2A739E4F9386D7896D014 /* [CP] Copy Pods Resources */ = {
			isa = PBXShellScriptBuildPhase;
			buildActionMask = 2147483647;
			files = (
			);
			inputPaths = (
			);
			name = "[CP] Copy Pods Resources";
			outputPaths = (
			);
			runOnlyForDeploymentPostprocessing = 0;
			shellPath = /bin/sh;
			shellScript = "\"${SRCROOT}/Pods/Target Support Files/Pods-ElementWar_SwiftTests/Pods-ElementWar_SwiftTests-resources.sh\"\n";
			showEnvVarsInLog = 0;
		};
		542D063C4B2E9A0B8FE00612 /* [CP] Embed Pods Frameworks */ = {
			isa = PBXShellScriptBuildPhase;
			buildActionMask = 2147483647;
			files = (
			);
			inputPaths = (
			);
			name = "[CP] Embed Pods Frameworks";
			outputPaths = (
			);
			runOnlyForDeploymentPostprocessing = 0;
			shellPath = /bin/sh;
			shellScript = "\"${SRCROOT}/Pods/Target Support Files/Pods-ElementWar_Swift/Pods-ElementWar_Swift-frameworks.sh\"\n";
			showEnvVarsInLog = 0;
		};
		76BD702937B06BE4750F416B /* [CP] Check Pods Manifest.lock */ = {
			isa = PBXShellScriptBuildPhase;
			buildActionMask = 2147483647;
			files = (
			);
			inputPaths = (
			);
			name = "[CP] Check Pods Manifest.lock";
			outputPaths = (
			);
			runOnlyForDeploymentPostprocessing = 0;
			shellPath = /bin/sh;
			shellScript = "diff \"${PODS_ROOT}/../Podfile.lock\" \"${PODS_ROOT}/Manifest.lock\" > /dev/null\nif [ $? != 0 ] ; then\n    # print error to STDERR\n    echo \"error: The sandbox is not in sync with the Podfile.lock. Run 'pod install' or update your CocoaPods installation.\" >&2\n    exit 1\nfi\n";
			showEnvVarsInLog = 0;
		};
		888712FAFAE48281C2454B47 /* [CP] Embed Pods Frameworks */ = {
			isa = PBXShellScriptBuildPhase;
			buildActionMask = 2147483647;
			files = (
			);
			inputPaths = (
			);
			name = "[CP] Embed Pods Frameworks";
			outputPaths = (
			);
			runOnlyForDeploymentPostprocessing = 0;
			shellPath = /bin/sh;
			shellScript = "\"${SRCROOT}/Pods/Target Support Files/Pods-ElementWar_SwiftTests/Pods-ElementWar_SwiftTests-frameworks.sh\"\n";
			showEnvVarsInLog = 0;
		};
		998CA5AFBDABB5B57EE7CCF2 /* [CP] Check Pods Manifest.lock */ = {
			isa = PBXShellScriptBuildPhase;
			buildActionMask = 2147483647;
			files = (
			);
			inputPaths = (
			);
			name = "[CP] Check Pods Manifest.lock";
			outputPaths = (
			);
			runOnlyForDeploymentPostprocessing = 0;
			shellPath = /bin/sh;
			shellScript = "diff \"${PODS_ROOT}/../Podfile.lock\" \"${PODS_ROOT}/Manifest.lock\" > /dev/null\nif [ $? != 0 ] ; then\n    # print error to STDERR\n    echo \"error: The sandbox is not in sync with the Podfile.lock. Run 'pod install' or update your CocoaPods installation.\" >&2\n    exit 1\nfi\n";
			showEnvVarsInLog = 0;
		};
		A8788B3AA798AE2310D44558 /* [CP] Check Pods Manifest.lock */ = {
			isa = PBXShellScriptBuildPhase;
			buildActionMask = 2147483647;
			files = (
			);
			inputPaths = (
			);
			name = "[CP] Check Pods Manifest.lock";
			outputPaths = (
			);
			runOnlyForDeploymentPostprocessing = 0;
			shellPath = /bin/sh;
			shellScript = "diff \"${PODS_ROOT}/../Podfile.lock\" \"${PODS_ROOT}/Manifest.lock\" > /dev/null\nif [ $? != 0 ] ; then\n    # print error to STDERR\n    echo \"error: The sandbox is not in sync with the Podfile.lock. Run 'pod install' or update your CocoaPods installation.\" >&2\n    exit 1\nfi\n";
			showEnvVarsInLog = 0;
		};
		C50CC7D83961966FD296CA13 /* [CP] Embed Pods Frameworks */ = {
			isa = PBXShellScriptBuildPhase;
			buildActionMask = 2147483647;
			files = (
			);
			inputPaths = (
			);
			name = "[CP] Embed Pods Frameworks";
			outputPaths = (
			);
			runOnlyForDeploymentPostprocessing = 0;
			shellPath = /bin/sh;
			shellScript = "\"${SRCROOT}/Pods/Target Support Files/Pods-ElementWar_SwiftUITests/Pods-ElementWar_SwiftUITests-frameworks.sh\"\n";
			showEnvVarsInLog = 0;
		};
/* End PBXShellScriptBuildPhase section */

/* Begin PBXSourcesBuildPhase section */
		1D4E25C31E4AE28600C5789C /* Sources */ = {
			isa = PBXSourcesBuildPhase;
			buildActionMask = 2147483647;
			files = (
				1DF0FA2A1E5879D6008FCA55 /* WorkbenchView.swift in Sources */,
				1D4E262E1E4AE43700C5789C /* MoleculesController.swift in Sources */,
				1D9A51291E65D0D5003FA068 /* CardViewGroup.swift in Sources */,
				1DE8B9541E647DC600C6326B /* ResultantCardView.swift in Sources */,
				1DF0FA341E59BF6D008FCA55 /* OpponentsController.swift in Sources */,
				1D4915021E566BD600137686 /* CardView.swift in Sources */,
				1DD366951E556CBC0094E4A6 /* NavigationController.swift in Sources */,
				1D4E26291E4AE43700C5789C /* MagicianRankController.swift in Sources */,
				1DE8B93E1E5C849200C6326B /* ConditionView.swift in Sources */,
				1D34504C1E59C9F800846965 /* MyProbabilityView.swift in Sources */,
				1D4E263A1E4AE43700C5789C /* NameController.swift in Sources */,
				1D4E26381E4AE43700C5789C /* HomeController.swift in Sources */,
				1DF0FA2E1E599DBA008FCA55 /* PortraitView.swift in Sources */,
				1D4E26351E4AE43700C5789C /* SettingsController.swift in Sources */,
				1D4E26371E4AE43700C5789C /* EpicsController.swift in Sources */,
				1D4E26271E4AE43700C5789C /* MagicianDetailController.swift in Sources */,
				1D4E26241E4AE43700C5789C /* RoomController.swift in Sources */,
				1DF0FA301E59A519008FCA55 /* ProbabilityView.swift in Sources */,
				1D4E262C1E4AE43700C5789C /* AtomsController.swift in Sources */,
				1DF0FA2C1E5970D5008FCA55 /* MagicianCell.swift in Sources */,
				1D4E26361E4AE43700C5789C /* VolumeSettingsController.swift in Sources */,
				1DF0FA321E59BF3B008FCA55 /* FriendsController.swift in Sources */,
				1D4E263B1E4AE43700C5789C /* PortraitController.swift in Sources */,
				1DE8B93C1E5C844C00C6326B /* ResultantView.swift in Sources */,
				1DE8B9521E64783900C6326B /* MoleculeView.swift in Sources */,
				1D4E26321E4AE43700C5789C /* BattleSettingsController.swift in Sources */,
				1D4E262D1E4AE43700C5789C /* CardDetailController.swift in Sources */,
				1D4E262A1E4AE43700C5789C /* MagiciansController.swift in Sources */,
				1D4E26281E4AE43700C5789C /* MagicianRandomController.swift in Sources */,
				1D4E26301E4AE43700C5789C /* ScrollsController.swift in Sources */,
				1DE8B9501E64782300C6326B /* AtomView.swift in Sources */,
				1D4E26221E4AE43700C5789C /* BattlePrepareController.swift in Sources */,
				1DF0FA281E5878E6008FCA55 /* AltarView.swift in Sources */,
				1D4E26341E4AE43700C5789C /* RecordSettingsController.swift in Sources */,
				1D4E26261E4AE43700C5789C /* EnterController.swift in Sources */,
				1D4E262F1E4AE43700C5789C /* ScrollDetailController.swift in Sources */,
				1DE8B93A1E5C842C00C6326B /* ReactantView.swift in Sources */,
				1DF0FA261E58739D008FCA55 /* CardHeapView.swift in Sources */,
				1D4E25CB1E4AE28600C5789C /* AppDelegate.swift in Sources */,
				1D4E26311E4AE43700C5789C /* AboutController.swift in Sources */,
				1D9A512B1E65D151003FA068 /* ReactantCardViewGroup.swift in Sources */,
				1D4E26391E4AE43700C5789C /* MottoController.swift in Sources */,
				1D34504E1E59CB5600846965 /* EntryView.swift in Sources */,
			);
			runOnlyForDeploymentPostprocessing = 0;
		};
		1D4E25D71E4AE28600C5789C /* Sources */ = {
			isa = PBXSourcesBuildPhase;
			buildActionMask = 2147483647;
			files = (
				1D4E25E01E4AE28600C5789C /* ElementWar_SwiftTests.swift in Sources */,
			);
			runOnlyForDeploymentPostprocessing = 0;
		};
		1D4E25E21E4AE28600C5789C /* Sources */ = {
			isa = PBXSourcesBuildPhase;
			buildActionMask = 2147483647;
			files = (
				1D4E25EB1E4AE28600C5789C /* ElementWar_SwiftUITests.swift in Sources */,
			);
			runOnlyForDeploymentPostprocessing = 0;
		};
/* End PBXSourcesBuildPhase section */

/* Begin PBXTargetDependency section */
		1D4E25DD1E4AE28600C5789C /* PBXTargetDependency */ = {
			isa = PBXTargetDependency;
			target = 1D4E25C61E4AE28600C5789C /* ElementWar_Swift */;
			targetProxy = 1D4E25DC1E4AE28600C5789C /* PBXContainerItemProxy */;
		};
		1D4E25E81E4AE28600C5789C /* PBXTargetDependency */ = {
			isa = PBXTargetDependency;
			target = 1D4E25C61E4AE28600C5789C /* ElementWar_Swift */;
			targetProxy = 1D4E25E71E4AE28600C5789C /* PBXContainerItemProxy */;
		};
/* End PBXTargetDependency section */

/* Begin PBXVariantGroup section */
		1D4E25D31E4AE28600C5789C /* LaunchScreen.storyboard */ = {
			isa = PBXVariantGroup;
			children = (
				1D4E25D41E4AE28600C5789C /* Base */,
			);
			name = LaunchScreen.storyboard;
			sourceTree = "<group>";
		};
/* End PBXVariantGroup section */

/* Begin XCBuildConfiguration section */
		1D4E25ED1E4AE28600C5789C /* Debug */ = {
			isa = XCBuildConfiguration;
			buildSettings = {
				ALWAYS_SEARCH_USER_PATHS = NO;
				CLANG_ANALYZER_NONNULL = YES;
				CLANG_CXX_LANGUAGE_STANDARD = "gnu++0x";
				CLANG_CXX_LIBRARY = "libc++";
				CLANG_ENABLE_MODULES = YES;
				CLANG_ENABLE_OBJC_ARC = YES;
				CLANG_WARN_BOOL_CONVERSION = YES;
				CLANG_WARN_CONSTANT_CONVERSION = YES;
				CLANG_WARN_DIRECT_OBJC_ISA_USAGE = YES_ERROR;
				CLANG_WARN_DOCUMENTATION_COMMENTS = YES;
				CLANG_WARN_EMPTY_BODY = YES;
				CLANG_WARN_ENUM_CONVERSION = YES;
				CLANG_WARN_INFINITE_RECURSION = YES;
				CLANG_WARN_INT_CONVERSION = YES;
				CLANG_WARN_OBJC_ROOT_CLASS = YES_ERROR;
				CLANG_WARN_SUSPICIOUS_MOVE = YES;
				CLANG_WARN_UNREACHABLE_CODE = YES;
				CLANG_WARN__DUPLICATE_METHOD_MATCH = YES;
				"CODE_SIGN_IDENTITY[sdk=iphoneos*]" = "iPhone Developer";
				COPY_PHASE_STRIP = NO;
				DEBUG_INFORMATION_FORMAT = dwarf;
				ENABLE_STRICT_OBJC_MSGSEND = YES;
				ENABLE_TESTABILITY = YES;
				GCC_C_LANGUAGE_STANDARD = gnu99;
				GCC_DYNAMIC_NO_PIC = NO;
				GCC_NO_COMMON_BLOCKS = YES;
				GCC_OPTIMIZATION_LEVEL = 0;
				GCC_PREPROCESSOR_DEFINITIONS = (
					"DEBUG=1",
					"$(inherited)",
				);
				GCC_WARN_64_TO_32_BIT_CONVERSION = YES;
				GCC_WARN_ABOUT_RETURN_TYPE = YES_ERROR;
				GCC_WARN_UNDECLARED_SELECTOR = YES;
				GCC_WARN_UNINITIALIZED_AUTOS = YES_AGGRESSIVE;
				GCC_WARN_UNUSED_FUNCTION = YES;
				GCC_WARN_UNUSED_VARIABLE = YES;
				IPHONEOS_DEPLOYMENT_TARGET = 10.2;
				MTL_ENABLE_DEBUG_INFO = YES;
				ONLY_ACTIVE_ARCH = YES;
				SDKROOT = iphoneos;
				SWIFT_ACTIVE_COMPILATION_CONDITIONS = DEBUG;
				SWIFT_OPTIMIZATION_LEVEL = "-Onone";
				TARGETED_DEVICE_FAMILY = "1,2";
			};
			name = Debug;
		};
		1D4E25EE1E4AE28600C5789C /* Release */ = {
			isa = XCBuildConfiguration;
			buildSettings = {
				ALWAYS_SEARCH_USER_PATHS = NO;
				CLANG_ANALYZER_NONNULL = YES;
				CLANG_CXX_LANGUAGE_STANDARD = "gnu++0x";
				CLANG_CXX_LIBRARY = "libc++";
				CLANG_ENABLE_MODULES = YES;
				CLANG_ENABLE_OBJC_ARC = YES;
				CLANG_WARN_BOOL_CONVERSION = YES;
				CLANG_WARN_CONSTANT_CONVERSION = YES;
				CLANG_WARN_DIRECT_OBJC_ISA_USAGE = YES_ERROR;
				CLANG_WARN_DOCUMENTATION_COMMENTS = YES;
				CLANG_WARN_EMPTY_BODY = YES;
				CLANG_WARN_ENUM_CONVERSION = YES;
				CLANG_WARN_INFINITE_RECURSION = YES;
				CLANG_WARN_INT_CONVERSION = YES;
				CLANG_WARN_OBJC_ROOT_CLASS = YES_ERROR;
				CLANG_WARN_SUSPICIOUS_MOVE = YES;
				CLANG_WARN_UNREACHABLE_CODE = YES;
				CLANG_WARN__DUPLICATE_METHOD_MATCH = YES;
				"CODE_SIGN_IDENTITY[sdk=iphoneos*]" = "iPhone Developer";
				COPY_PHASE_STRIP = NO;
				DEBUG_INFORMATION_FORMAT = "dwarf-with-dsym";
				ENABLE_NS_ASSERTIONS = NO;
				ENABLE_STRICT_OBJC_MSGSEND = YES;
				GCC_C_LANGUAGE_STANDARD = gnu99;
				GCC_NO_COMMON_BLOCKS = YES;
				GCC_WARN_64_TO_32_BIT_CONVERSION = YES;
				GCC_WARN_ABOUT_RETURN_TYPE = YES_ERROR;
				GCC_WARN_UNDECLARED_SELECTOR = YES;
				GCC_WARN_UNINITIALIZED_AUTOS = YES_AGGRESSIVE;
				GCC_WARN_UNUSED_FUNCTION = YES;
				GCC_WARN_UNUSED_VARIABLE = YES;
				IPHONEOS_DEPLOYMENT_TARGET = 10.2;
				MTL_ENABLE_DEBUG_INFO = NO;
				SDKROOT = iphoneos;
				SWIFT_OPTIMIZATION_LEVEL = "-Owholemodule";
				TARGETED_DEVICE_FAMILY = "1,2";
				VALIDATE_PRODUCT = YES;
			};
			name = Release;
		};
		1D4E25F01E4AE28600C5789C /* Debug */ = {
			isa = XCBuildConfiguration;
			baseConfigurationReference = 4BD2394FF4988E817E7F4FD1 /* Pods-ElementWar_Swift.debug.xcconfig */;
			buildSettings = {
				ASSETCATALOG_COMPILER_APPICON_NAME = AppIcon;
				CLANG_ENABLE_MODULES = YES;
				DEVELOPMENT_TEAM = HCU65H62VB;
				INFOPLIST_FILE = ElementWar_Swift/Info.plist;
				LD_RUNPATH_SEARCH_PATHS = "$(inherited) @executable_path/Frameworks";
				LIBRARY_SEARCH_PATHS = (
					"\"${PODS_ROOT}/../../AKWeChatSDK/AKWeChatSDK/Classes\"",
					"\"${PODS_ROOT}/../../AKWeiboSDK/AKWeiboSDK/Classes\"",
				);
				OTHER_LDFLAGS = (
					"$(inherited)",
					"-ObjC",
					"-l\"c++\"",
					"-l\"z\"",
					"-l\"sqlite3\"",
					"-framework",
					"\"CoreTelephony\"",
					"-framework",
					"\"ImageIO\"",
					"-framework",
					"\"SystemConfiguration\"",
					"-l\"WeChatSDK\"",
					"-l\"WeiboSDK\"",
					"-framework",
					"\"AFNetworking\"",
					"-framework",
					"\"AKDatabaseManager\"",
					"-framework",
					"\"AKDownloadManager\"",
					"-framework",
					"\"AKError\"",
					"-framework",
					"\"AKFoundation\"",
					"-framework",
					"\"AKLogKit\"",
					"-framework",
					"\"AKModel\"",
					"-framework",
					"\"AKSessionManager\"",
					"-framework",
					"\"AKSocketManager\"",
					"-framework",
					"\"AKUIKit\"",
					"-framework",
					"\"AKViewController\"",
					"-framework",
					"\"AKWeChatManager\"",
					"-framework",
					"\"AKWeChatSDK\"",
					"-framework",
					"\"BFKit\"",
					"-framework",
					"\"BlocksKit\"",
					"-framework",
					"\"CocoaAsyncSocket\"",
					"-framework",
					"\"Crashlytics\"",
					"-framework",
					"\"EVReflection\"",
					"-framework",
					"\"EWDataCenter_Swift\"",
					"-framework",
					"\"EWMessageModel_Swift\"",
					"-framework",
					"\"EWModel_Swift\"",
					"-framework",
					"\"FLEX\"",
					"-framework",
					"\"FMDB\"",
					"-framework",
					"\"Fabric\"",
					"-framework",
					"\"KVOController\"",
					"-framework",
					"\"MBProgressHUD\"",
					"-framework",
					"\"Masonry\"",
					"-framework",
					"\"Reachability\"",
					"-framework",
					"\"SDWebImage\"",
					"-framework",
					"\"Security\"",
					"-framework",
					"\"SnapKit\"",
					"-framework",
					"\"SwiftProtobuf\"",
					"-framework",
					"\"SwiftyJSON\"",
					"-framework",
					"\"SystemConfiguration\"",
					"-framework",
					"\"UIKit\"",
					"-framework",
					"\"YYModel\"",
				);
				PRODUCT_BUNDLE_IDENTIFIER = com.artisankid.ElementWar;
				PRODUCT_NAME = "$(TARGET_NAME)";
				SWIFT_OBJC_BRIDGING_HEADER = "ElementWar_Swift/ElementWar_Swift-Bridging-Header.h";
				SWIFT_OPTIMIZATION_LEVEL = "-Onone";
				SWIFT_VERSION = 3.0;
			};
			name = Debug;
		};
		1D4E25F11E4AE28600C5789C /* Release */ = {
			isa = XCBuildConfiguration;
			baseConfigurationReference = 6E8BCCB006DE346855BDB367 /* Pods-ElementWar_Swift.release.xcconfig */;
			buildSettings = {
				ASSETCATALOG_COMPILER_APPICON_NAME = AppIcon;
				CLANG_ENABLE_MODULES = YES;
				DEVELOPMENT_TEAM = HCU65H62VB;
				INFOPLIST_FILE = ElementWar_Swift/Info.plist;
				LD_RUNPATH_SEARCH_PATHS = "$(inherited) @executable_path/Frameworks";
				LIBRARY_SEARCH_PATHS = (
					"\"${PODS_ROOT}/../../AKWeChatSDK/AKWeChatSDK/Classes\"",
					"\"${PODS_ROOT}/../../AKWeiboSDK/AKWeiboSDK/Classes\"",
				);
				OTHER_LDFLAGS = (
					"$(inherited)",
					"-ObjC",
					"-l\"c++\"",
					"-l\"z\"",
					"-l\"sqlite3\"",
					"-framework",
					"\"CoreTelephony\"",
					"-framework",
					"\"ImageIO\"",
					"-framework",
					"\"SystemConfiguration\"",
					"-l\"WeChatSDK\"",
					"-l\"WeiboSDK\"",
					"-framework",
					"\"AFNetworking\"",
					"-framework",
					"\"AKDatabaseManager\"",
					"-framework",
					"\"AKDownloadManager\"",
					"-framework",
					"\"AKError\"",
					"-framework",
					"\"AKFoundation\"",
					"-framework",
					"\"AKLogKit\"",
					"-framework",
					"\"AKModel\"",
					"-framework",
					"\"AKSessionManager\"",
					"-framework",
					"\"AKSocketManager\"",
					"-framework",
					"\"AKUIKit\"",
					"-framework",
					"\"AKViewController\"",
					"-framework",
					"\"AKWeChatManager\"",
					"-framework",
					"\"AKWeChatSDK\"",
					"-framework",
					"\"BFKit\"",
					"-framework",
					"\"BlocksKit\"",
					"-framework",
					"\"CocoaAsyncSocket\"",
					"-framework",
					"\"Crashlytics\"",
					"-framework",
					"\"EVReflection\"",
					"-framework",
					"\"EWDataCenter_Swift\"",
					"-framework",
					"\"EWMessageModel_Swift\"",
					"-framework",
					"\"EWModel_Swift\"",
					"-framework",
					"\"FLEX\"",
					"-framework",
					"\"FMDB\"",
					"-framework",
					"\"Fabric\"",
					"-framework",
					"\"KVOController\"",
					"-framework",
					"\"MBProgressHUD\"",
					"-framework",
					"\"Masonry\"",
					"-framework",
					"\"Reachability\"",
					"-framework",
					"\"SDWebImage\"",
					"-framework",
					"\"Security\"",
					"-framework",
					"\"SnapKit\"",
					"-framework",
					"\"SwiftProtobuf\"",
					"-framework",
					"\"SwiftyJSON\"",
					"-framework",
					"\"SystemConfiguration\"",
					"-framework",
					"\"UIKit\"",
					"-framework",
					"\"YYModel\"",
				);
				PRODUCT_BUNDLE_IDENTIFIER = com.artisankid.ElementWar;
				PRODUCT_NAME = "$(TARGET_NAME)";
				SWIFT_OBJC_BRIDGING_HEADER = "ElementWar_Swift/ElementWar_Swift-Bridging-Header.h";
				SWIFT_VERSION = 3.0;
			};
			name = Release;
		};
		1D4E25F31E4AE28600C5789C /* Debug */ = {
			isa = XCBuildConfiguration;
			baseConfigurationReference = 88C6FB21996ABC262498B719 /* Pods-ElementWar_SwiftTests.debug.xcconfig */;
			buildSettings = {
				ALWAYS_EMBED_SWIFT_STANDARD_LIBRARIES = YES;
				BUNDLE_LOADER = "$(TEST_HOST)";
				INFOPLIST_FILE = ElementWar_SwiftTests/Info.plist;
				LD_RUNPATH_SEARCH_PATHS = "$(inherited) @executable_path/Frameworks @loader_path/Frameworks";
				PRODUCT_BUNDLE_IDENTIFIER = "com.artisankid.ElementWar.ElementWar-SwiftTests";
				PRODUCT_NAME = "$(TARGET_NAME)";
				SWIFT_VERSION = 3.0;
				TEST_HOST = "$(BUILT_PRODUCTS_DIR)/ElementWar_Swift.app/ElementWar_Swift";
			};
			name = Debug;
		};
		1D4E25F41E4AE28600C5789C /* Release */ = {
			isa = XCBuildConfiguration;
			baseConfigurationReference = 2F45AF1D71525F367B9B449E /* Pods-ElementWar_SwiftTests.release.xcconfig */;
			buildSettings = {
				ALWAYS_EMBED_SWIFT_STANDARD_LIBRARIES = YES;
				BUNDLE_LOADER = "$(TEST_HOST)";
				INFOPLIST_FILE = ElementWar_SwiftTests/Info.plist;
				LD_RUNPATH_SEARCH_PATHS = "$(inherited) @executable_path/Frameworks @loader_path/Frameworks";
				PRODUCT_BUNDLE_IDENTIFIER = "com.artisankid.ElementWar.ElementWar-SwiftTests";
				PRODUCT_NAME = "$(TARGET_NAME)";
				SWIFT_VERSION = 3.0;
				TEST_HOST = "$(BUILT_PRODUCTS_DIR)/ElementWar_Swift.app/ElementWar_Swift";
			};
			name = Release;
		};
		1D4E25F61E4AE28600C5789C /* Debug */ = {
			isa = XCBuildConfiguration;
			baseConfigurationReference = 06B622BCCE5E1602DAA19DA5 /* Pods-ElementWar_SwiftUITests.debug.xcconfig */;
			buildSettings = {
				ALWAYS_EMBED_SWIFT_STANDARD_LIBRARIES = YES;
				INFOPLIST_FILE = ElementWar_SwiftUITests/Info.plist;
				LD_RUNPATH_SEARCH_PATHS = "$(inherited) @executable_path/Frameworks @loader_path/Frameworks";
				PRODUCT_BUNDLE_IDENTIFIER = "com.artisankid.ElementWar.ElementWar-SwiftUITests";
				PRODUCT_NAME = "$(TARGET_NAME)";
				SWIFT_VERSION = 3.0;
				TEST_TARGET_NAME = ElementWar_Swift;
			};
			name = Debug;
		};
		1D4E25F71E4AE28600C5789C /* Release */ = {
			isa = XCBuildConfiguration;
			baseConfigurationReference = 0EA321EE2D2B0F325B4939AF /* Pods-ElementWar_SwiftUITests.release.xcconfig */;
			buildSettings = {
				ALWAYS_EMBED_SWIFT_STANDARD_LIBRARIES = YES;
				INFOPLIST_FILE = ElementWar_SwiftUITests/Info.plist;
				LD_RUNPATH_SEARCH_PATHS = "$(inherited) @executable_path/Frameworks @loader_path/Frameworks";
				PRODUCT_BUNDLE_IDENTIFIER = "com.artisankid.ElementWar.ElementWar-SwiftUITests";
				PRODUCT_NAME = "$(TARGET_NAME)";
				SWIFT_VERSION = 3.0;
				TEST_TARGET_NAME = ElementWar_Swift;
			};
			name = Release;
		};
/* End XCBuildConfiguration section */

/* Begin XCConfigurationList section */
		1D4E25C21E4AE28600C5789C /* Build configuration list for PBXProject "ElementWar_Swift" */ = {
			isa = XCConfigurationList;
			buildConfigurations = (
				1D4E25ED1E4AE28600C5789C /* Debug */,
				1D4E25EE1E4AE28600C5789C /* Release */,
			);
			defaultConfigurationIsVisible = 0;
			defaultConfigurationName = Release;
		};
		1D4E25EF1E4AE28600C5789C /* Build configuration list for PBXNativeTarget "ElementWar_Swift" */ = {
			isa = XCConfigurationList;
			buildConfigurations = (
				1D4E25F01E4AE28600C5789C /* Debug */,
				1D4E25F11E4AE28600C5789C /* Release */,
			);
			defaultConfigurationIsVisible = 0;
			defaultConfigurationName = Release;
		};
		1D4E25F21E4AE28600C5789C /* Build configuration list for PBXNativeTarget "ElementWar_SwiftTests" */ = {
			isa = XCConfigurationList;
			buildConfigurations = (
				1D4E25F31E4AE28600C5789C /* Debug */,
				1D4E25F41E4AE28600C5789C /* Release */,
			);
			defaultConfigurationIsVisible = 0;
			defaultConfigurationName = Release;
		};
		1D4E25F51E4AE28600C5789C /* Build configuration list for PBXNativeTarget "ElementWar_SwiftUITests" */ = {
			isa = XCConfigurationList;
			buildConfigurations = (
				1D4E25F61E4AE28600C5789C /* Debug */,
				1D4E25F71E4AE28600C5789C /* Release */,
			);
			defaultConfigurationIsVisible = 0;
			defaultConfigurationName = Release;
		};
/* End XCConfigurationList section */
	};
	rootObject = 1D4E25BF1E4AE28600C5789C /* Project object */;
}
